{
  "name": "fullstack-frontend-4-plus-1-frontend",
  "lockfileVersion": 2,
  "requires": true,
  "packages": {
    "": {
      "dependencies": {
        "createjs": "^1.0.1",
        "keydrown": "^1.2.8"
      }
    },
    "node_modules/createjs": {
      "version": "1.0.1",
      "resolved": "https://registry.npmjs.org/createjs/-/createjs-1.0.1.tgz",
      "integrity": "sha512-VutFczgM8GNzOSiFKlYEwFRgZRMQkZt34ooaewKi7lzxuQ7JSsUs/Y1qb95G4CKOnHA/C/yghCJ6wfivuKOawA=="
    },
    "node_modules/keydrown": {
      "version": "1.2.8",
      "resolved": "https://registry.npmjs.org/keydrown/-/keydrown-1.2.8.tgz",
      "integrity": "sha512-F7A4pooqeAk0UmVmkGyTALp8DBQdgw9Pd3FVK4+9gYzHaB2ybxmH5hvyrpGk/VEL6f8VCGRcq9ST3cIdOD4hKw=="
    }
  },
  "dependencies": {
    "createjs": {
      "version": "1.0.1",
      "resolved": "https://registry.npmjs.org/createjs/-/createjs-1.0.1.tgz",
      "integrity": "sha512-VutFczgM8GNzOSiFKlYEwFRgZRMQkZt34ooaewKi7lzxuQ7JSsUs/Y1qb95G4CKOnHA/C/yghCJ6wfivuKOawA=="
    },
    "keydrown": {
      "version": "1.2.8",
      "resolved": "https://registry.npmjs.org/keydrown/-/keydrown-1.2.8.tgz",
      "integrity": "sha512-F7A4pooqeAk0UmVmkGyTALp8DBQdgw9Pd3FVK4+9gYzHaB2ybxmH5hvyrpGk/VEL6f8VCGRcq9ST3cIdOD4hKw=="
    }
  }
}
